
Microsoft Visual Studio Solution File, Format Version 12.00
# Visual Studio Version 16
VisualStudioVersion = 16.0.30907.101
MinimumVisualStudioVersion = 10.0.40219.1
Project("{FAE04EC0-301F-11D3-BF4B-00C04F79EFBC}") = "cdc", "cdc.csproj", "{F1D5D924-BFDA-4DB9-A9DA-F5B07C5AA3B9}"
EndProject
Global
	GlobalSection(SolutionConfigurationPlatforms) = preSolution
		Debug|Any CPU = Debug|Any CPU
		Release|Any CPU = Release|Any CPU
	EndGlobalSection
	GlobalSection(ProjectConfigurationPlatforms) = postSolution
		{F1D5D924-BFDA-4DB9-A9DA-F5B07C5AA3B9}.Debug|Any CPU.ActiveCfg = Debug|Any CPU
		{F1D5D924-BFDA-4DB9-A9DA-F5B07C5AA3B9}.Debug|Any CPU.Build.0 = Debug|Any CPU
		{F1D5D924-BFDA-4DB9-A9DA-F5B07C5AA3B9}.Release|Any CPU.ActiveCfg = Release|Any CPU
		{F1D5D924-BFDA-4DB9-A9DA-F5B07C5AA3B9}.Release|Any CPU.Build.0 = Release|Any CPU
	EndGlobalSection
	GlobalSection(SolutionProperties) = preSolution
		HideSolutionNode = FALSE
	EndGlobalSection
	GlobalSection(ExtensibilityGlobals) = postSolution
		SolutionGuid = {678793F9-46C9-4189-8B85-4BF36A01A622}
	EndGlobalSection
EndGlobal
